
Microsoft Visual Studio Solution File, Format Version 12.00
# Visual Studio Version 16
VisualStudioVersion = 16.0.30804.86
MinimumVisualStudioVersion = 10.0.40219.1
Project("{FAE04EC0-301F-11D3-BF4B-00C04F79EFBC}") = "TicketReplenisherApp", "TicketReplenisherApp\TicketReplenisherApp.csproj", "{1C460C94-7522-4C07-B267-00CE6D143489}"
EndProject
Global
	GlobalSection(SolutionConfigurationPlatforms) = preSolution
		Debug|Any CPU = Debug|Any CPU
		Release|Any CPU = Release|Any CPU
	EndGlobalSection
	GlobalSection(ProjectConfigurationPlatforms) = postSolution
		{1C460C94-7522-4C07-B267-00CE6D143489}.Debug|Any CPU.ActiveCfg = Debug|Any CPU
		{1C460C94-7522-4C07-B267-00CE6D143489}.Debug|Any CPU.Build.0 = Debug|Any CPU
		{1C460C94-7522-4C07-B267-00CE6D143489}.Release|Any CPU.ActiveCfg = Release|Any CPU
		{1C460C94-7522-4C07-B267-00CE6D143489}.Release|Any CPU.Build.0 = Release|Any CPU
	EndGlobalSection
	GlobalSection(SolutionProperties) = preSolution
		HideSolutionNode = FALSE
	EndGlobalSection
	GlobalSection(ExtensibilityGlobals) = postSolution
		SolutionGuid = {9DF947DF-36F1-4915-8514-906289506012}
	EndGlobalSection
EndGlobal
